{
    "name": "@vanyamate/papajohns-v2-types",
    "version": "0.3.0",
    "lockfileVersion": 3,
    "requires": true,
    "packages": {
        "": {
            "name": "@vanyamate/papajohns-v2-types",
            "version": "0.3.0",
            "dependencies": {
                "@vanyamate/types-kit": "^0.0.10"
            },
            "devDependencies": {
                "typescript": "^5.5.4"
            }
        },
        "node_modules/@vanyamate/types-kit": {
            "version": "0.0.10",
            "resolved": "https://registry.npmjs.org/@vanyamate/types-kit/-/types-kit-0.0.10.tgz",
            "integrity": "sha512-6E2lPVdO9dkvzizI4FPLji53oHPsboMqKPkGGx4hbY+sgAiskbE7Lo1HJpi/0WZ8csIHnZK9ZPzTbrhEa2mtXg=="
        },
        "node_modules/typescript": {
            "version": "5.5.4",
            "resolved": "https://registry.npmjs.org/typescript/-/typescript-5.5.4.tgz",
            "integrity": "sha512-Mtq29sKDAEYP7aljRgtPOpTvOfbwRWlS6dPRzwjdE+C0R4brX/GUyhHSecbHMFLNBLcJIPt9nl9yG5TZ1weH+Q==",
            "dev": true,
            "license": "Apache-2.0",
            "bin": {
                "tsc": "bin/tsc",
                "tsserver": "bin/tsserver"
            },
            "engines": {
                "node": ">=14.17"
            }
        }
    }
}
